
Microsoft Visual Studio Solution File, Format Version 12.00
# Visual Studio Version 17
VisualStudioVersion = 17.0.32014.148
MinimumVisualStudioVersion = 10.0.40219.1
Project("{FAE04EC0-301F-11D3-BF4B-00C04F79EFBC}") = "ResamRenamer", "ResamRenamer.csproj", "{523C30B6-5C74-4EDD-BD6C-56C8B756DD7F}"
EndProject
Global
	GlobalSection(SolutionConfigurationPlatforms) = preSolution
		Debug|Any CPU = Debug|Any CPU
		Release|Any CPU = Release|Any CPU
	EndGlobalSection
	GlobalSection(ProjectConfigurationPlatforms) = postSolution
		{523C30B6-5C74-4EDD-BD6C-56C8B756DD7F}.Debug|Any CPU.ActiveCfg = Debug|Any CPU
		{523C30B6-5C74-4EDD-BD6C-56C8B756DD7F}.Debug|Any CPU.Build.0 = Debug|Any CPU
		{523C30B6-5C74-4EDD-BD6C-56C8B756DD7F}.Release|Any CPU.ActiveCfg = Release|Any CPU
		{523C30B6-5C74-4EDD-BD6C-56C8B756DD7F}.Release|Any CPU.Build.0 = Release|Any CPU
	EndGlobalSection
	GlobalSection(SolutionProperties) = preSolution
		HideSolutionNode = FALSE
	EndGlobalSection
	GlobalSection(ExtensibilityGlobals) = postSolution
		SolutionGuid = {E7197A3D-40ED-48F4-9B7F-1E3AE188024E}
	EndGlobalSection
EndGlobal
